
Microsoft Visual Studio Solution File, Format Version 12.00
# Visual Studio Version 16
VisualStudioVersion = 16.0.30611.23
MinimumVisualStudioVersion = 10.0.40219.1
Project("{9A19103F-16F7-4668-BE54-9A1E7A4F7556}") = "LifetimeWFPLissue", "LifetimeWFPLissue\LifetimeWFPLissue.csproj", "{4A4D4D92-61BA-4BFF-8717-320A2AAAB9E7}"
EndProject
Global
	GlobalSection(SolutionConfigurationPlatforms) = preSolution
		CrossTests|Any CPU = CrossTests|Any CPU
		Debug|Any CPU = Debug|Any CPU
		Release|Any CPU = Release|Any CPU
	EndGlobalSection
	GlobalSection(ProjectConfigurationPlatforms) = postSolution
		{4A4D4D92-61BA-4BFF-8717-320A2AAAB9E7}.CrossTests|Any CPU.ActiveCfg = Release|Any CPU
		{4A4D4D92-61BA-4BFF-8717-320A2AAAB9E7}.CrossTests|Any CPU.Build.0 = Release|Any CPU
		{4A4D4D92-61BA-4BFF-8717-320A2AAAB9E7}.Debug|Any CPU.ActiveCfg = Debug|Any CPU
		{4A4D4D92-61BA-4BFF-8717-320A2AAAB9E7}.Debug|Any CPU.Build.0 = Debug|Any CPU
		{4A4D4D92-61BA-4BFF-8717-320A2AAAB9E7}.Release|Any CPU.ActiveCfg = Release|Any CPU
		{4A4D4D92-61BA-4BFF-8717-320A2AAAB9E7}.Release|Any CPU.Build.0 = Release|Any CPU
	EndGlobalSection
	GlobalSection(SolutionProperties) = preSolution
		HideSolutionNode = FALSE
	EndGlobalSection
	GlobalSection(ExtensibilityGlobals) = postSolution
		SolutionGuid = {A6D39F9D-76DD-44AD-A706-DF7DE7B8F321}
	EndGlobalSection
EndGlobal
